
Microsoft Visual Studio Solution File, Format Version 12.00
# Visual Studio Version 17
VisualStudioVersion = 17.10.35027.167
MinimumVisualStudioVersion = 10.0.40219.1
Project("{9A19103F-16F7-4668-BE54-9A1E7A4F7556}") = "BookService", "BookService\BookService.csproj", "{67A6037F-7944-4DE0-8404-54129D2374CB}"
EndProject
Project("{9A19103F-16F7-4668-BE54-9A1E7A4F7556}") = "StoreService", "StoreService\StoreService.csproj", "{29E8B94E-DD78-471A-A048-A184BFA25A2F}"
EndProject
Project("{9A19103F-16F7-4668-BE54-9A1E7A4F7556}") = "Common.Models", "Common.Models\Common.Models.csproj", "{3F470ECA-3F5A-4273-9602-CFA7BD72D6F1}"
EndProject
Project("{9A19103F-16F7-4668-BE54-9A1E7A4F7556}") = "APIGateway", "APIGateway\APIGateway.csproj", "{F03C75FB-3B92-4655-AF3C-597C5D22BAA4}"
EndProject
Global
	GlobalSection(SolutionConfigurationPlatforms) = preSolution
		Debug|Any CPU = Debug|Any CPU
		Release|Any CPU = Release|Any CPU
	EndGlobalSection
	GlobalSection(ProjectConfigurationPlatforms) = postSolution
		{67A6037F-7944-4DE0-8404-54129D2374CB}.Debug|Any CPU.ActiveCfg = Debug|Any CPU
		{67A6037F-7944-4DE0-8404-54129D2374CB}.Debug|Any CPU.Build.0 = Debug|Any CPU
		{67A6037F-7944-4DE0-8404-54129D2374CB}.Release|Any CPU.ActiveCfg = Release|Any CPU
		{67A6037F-7944-4DE0-8404-54129D2374CB}.Release|Any CPU.Build.0 = Release|Any CPU
		{29E8B94E-DD78-471A-A048-A184BFA25A2F}.Debug|Any CPU.ActiveCfg = Debug|Any CPU
		{29E8B94E-DD78-471A-A048-A184BFA25A2F}.Debug|Any CPU.Build.0 = Debug|Any CPU
		{29E8B94E-DD78-471A-A048-A184BFA25A2F}.Release|Any CPU.ActiveCfg = Release|Any CPU
		{29E8B94E-DD78-471A-A048-A184BFA25A2F}.Release|Any CPU.Build.0 = Release|Any CPU
		{3F470ECA-3F5A-4273-9602-CFA7BD72D6F1}.Debug|Any CPU.ActiveCfg = Debug|Any CPU
		{3F470ECA-3F5A-4273-9602-CFA7BD72D6F1}.Debug|Any CPU.Build.0 = Debug|Any CPU
		{3F470ECA-3F5A-4273-9602-CFA7BD72D6F1}.Release|Any CPU.ActiveCfg = Release|Any CPU
		{3F470ECA-3F5A-4273-9602-CFA7BD72D6F1}.Release|Any CPU.Build.0 = Release|Any CPU
		{F03C75FB-3B92-4655-AF3C-597C5D22BAA4}.Debug|Any CPU.ActiveCfg = Debug|Any CPU
		{F03C75FB-3B92-4655-AF3C-597C5D22BAA4}.Debug|Any CPU.Build.0 = Debug|Any CPU
		{F03C75FB-3B92-4655-AF3C-597C5D22BAA4}.Release|Any CPU.ActiveCfg = Release|Any CPU
		{F03C75FB-3B92-4655-AF3C-597C5D22BAA4}.Release|Any CPU.Build.0 = Release|Any CPU
	EndGlobalSection
	GlobalSection(SolutionProperties) = preSolution
		HideSolutionNode = FALSE
	EndGlobalSection
	GlobalSection(ExtensibilityGlobals) = postSolution
		SolutionGuid = {708B32CD-3071-40DB-8938-03E7BC63DA32}
	EndGlobalSection
EndGlobal
